
Microsoft Visual Studio Solution File, Format Version 12.00
# Visual Studio Version 17
VisualStudioVersion = 17.4.33103.184
MinimumVisualStudioVersion = 10.0.40219.1
Project("{9A19103F-16F7-4668-BE54-9A1E7A4F7556}") = "NSE.Identidade.API", "src\NSE.Identidade.API\NSE.Identidade.API.csproj", "{38E42E31-2FD0-45DA-8BA9-D332617CF0BE}"
EndProject
Project("{9A19103F-16F7-4668-BE54-9A1E7A4F7556}") = "NSE.Core", "src\NSE.Core\NSE.Core.csproj", "{2240CB4E-6572-4E2C-B6DD-8D3AD41762BD}"
EndProject
Project("{9A19103F-16F7-4668-BE54-9A1E7A4F7556}") = "NSE.Carrinho.API", "src\NSE.Carrinho.API\NSE.Carrinho.API.csproj", "{E4366D30-C710-4A5B-8AE2-F005CA2CBB4B}"
EndProject
Project("{9A19103F-16F7-4668-BE54-9A1E7A4F7556}") = "NSE.Catalogo.API", "src\NSE.Catalogo.API\NSE.Catalogo.API.csproj", "{980207C8-6BD0-43E8-9414-F9681E0DB1C2}"
EndProject
Project("{9A19103F-16F7-4668-BE54-9A1E7A4F7556}") = "NSE.Pagamento.API", "src\NSE.Pagamento.API\NSE.Pagamento.API.csproj", "{523735C1-87A4-4EDC-8467-2C13A6B635D1}"
EndProject
Project("{9A19103F-16F7-4668-BE54-9A1E7A4F7556}") = "NSE.Cliente.API", "src\NSE.Cliente.API\NSE.Cliente.API.csproj", "{3192B021-9089-47C3-BC09-B7EDF5C80434}"
EndProject
Project("{9A19103F-16F7-4668-BE54-9A1E7A4F7556}") = "NSE.Pedido.API", "src\NSE.Pedido.API\NSE.Pedido.API.csproj", "{4EFC0FE9-BAA8-4F32-A9CA-EFBADEBCA67A}"
EndProject
Project("{2150E333-8FDC-42A3-9474-1A3956D46DE8}") = "Services", "Services", "{4059E6B7-4800-4A3E-B504-3B3848DAEF84}"
EndProject
Project("{2150E333-8FDC-42A3-9474-1A3956D46DE8}") = "Web", "Web", "{262E3BD3-ED58-4304-8A3F-0DF2A00FA600}"
EndProject
Project("{2150E333-8FDC-42A3-9474-1A3956D46DE8}") = "MVC", "MVC", "{CACF3790-256A-4C4B-9DC1-B8D279C3FFBE}"
EndProject
Project("{9A19103F-16F7-4668-BE54-9A1E7A4F7556}") = "NSE.WebApp.MVC", "src\NSE.WebApp.MVC\NSE.WebApp.MVC.csproj", "{5D8BE09E-9EAF-4D27-A07A-79A9DB1596D0}"
EndProject
Project("{2150E333-8FDC-42A3-9474-1A3956D46DE8}") = "Blazor", "Blazor", "{23A7228E-3FBB-408E-8AB7-91E370F04D06}"
EndProject
Project("{9A19103F-16F7-4668-BE54-9A1E7A4F7556}") = "NSE.WebApp.Blazor", "src\NSE.WebApp.Blazor\NSE.WebApp.Blazor.csproj", "{BFF7CA48-2475-4490-9D54-7433D38E8C28}"
EndProject
Project("{2150E333-8FDC-42A3-9474-1A3956D46DE8}") = "Building Blocks", "Building Blocks", "{0D527B50-AAAA-4FF1-B2F4-39545E8CB2D1}"
EndProject
Project("{9A19103F-16F7-4668-BE54-9A1E7A4F7556}") = "NSE.WebAPI.Core", "src\NSE.WebAPI.Core\NSE.WebAPI.Core.csproj", "{E8F81013-702A-461E-9516-71E9AB7BF8C0}"
EndProject
Project("{FAE04EC0-301F-11D3-BF4B-00C04F79EFBC}") = "NSE.MessageBus", "src\NSE.MessageBus\NSE.MessageBus.csproj", "{499C3395-EAD6-4D11-B7E8-F9DD3408C05E}"
EndProject
Global
	GlobalSection(SolutionConfigurationPlatforms) = preSolution
		Debug|Any CPU = Debug|Any CPU
		Release|Any CPU = Release|Any CPU
	EndGlobalSection
	GlobalSection(ProjectConfigurationPlatforms) = postSolution
		{38E42E31-2FD0-45DA-8BA9-D332617CF0BE}.Debug|Any CPU.ActiveCfg = Debug|Any CPU
		{38E42E31-2FD0-45DA-8BA9-D332617CF0BE}.Debug|Any CPU.Build.0 = Debug|Any CPU
		{38E42E31-2FD0-45DA-8BA9-D332617CF0BE}.Release|Any CPU.ActiveCfg = Release|Any CPU
		{38E42E31-2FD0-45DA-8BA9-D332617CF0BE}.Release|Any CPU.Build.0 = Release|Any CPU
		{2240CB4E-6572-4E2C-B6DD-8D3AD41762BD}.Debug|Any CPU.ActiveCfg = Debug|Any CPU
		{2240CB4E-6572-4E2C-B6DD-8D3AD41762BD}.Debug|Any CPU.Build.0 = Debug|Any CPU
		{2240CB4E-6572-4E2C-B6DD-8D3AD41762BD}.Release|Any CPU.ActiveCfg = Release|Any CPU
		{2240CB4E-6572-4E2C-B6DD-8D3AD41762BD}.Release|Any CPU.Build.0 = Release|Any CPU
		{E4366D30-C710-4A5B-8AE2-F005CA2CBB4B}.Debug|Any CPU.ActiveCfg = Debug|Any CPU
		{E4366D30-C710-4A5B-8AE2-F005CA2CBB4B}.Debug|Any CPU.Build.0 = Debug|Any CPU
		{E4366D30-C710-4A5B-8AE2-F005CA2CBB4B}.Release|Any CPU.ActiveCfg = Release|Any CPU
		{E4366D30-C710-4A5B-8AE2-F005CA2CBB4B}.Release|Any CPU.Build.0 = Release|Any CPU
		{980207C8-6BD0-43E8-9414-F9681E0DB1C2}.Debug|Any CPU.ActiveCfg = Debug|Any CPU
		{980207C8-6BD0-43E8-9414-F9681E0DB1C2}.Debug|Any CPU.Build.0 = Debug|Any CPU
		{980207C8-6BD0-43E8-9414-F9681E0DB1C2}.Release|Any CPU.ActiveCfg = Release|Any CPU
		{980207C8-6BD0-43E8-9414-F9681E0DB1C2}.Release|Any CPU.Build.0 = Release|Any CPU
		{523735C1-87A4-4EDC-8467-2C13A6B635D1}.Debug|Any CPU.ActiveCfg = Debug|Any CPU
		{523735C1-87A4-4EDC-8467-2C13A6B635D1}.Debug|Any CPU.Build.0 = Debug|Any CPU
		{523735C1-87A4-4EDC-8467-2C13A6B635D1}.Release|Any CPU.ActiveCfg = Release|Any CPU
		{523735C1-87A4-4EDC-8467-2C13A6B635D1}.Release|Any CPU.Build.0 = Release|Any CPU
		{3192B021-9089-47C3-BC09-B7EDF5C80434}.Debug|Any CPU.ActiveCfg = Debug|Any CPU
		{3192B021-9089-47C3-BC09-B7EDF5C80434}.Debug|Any CPU.Build.0 = Debug|Any CPU
		{3192B021-9089-47C3-BC09-B7EDF5C80434}.Release|Any CPU.ActiveCfg = Release|Any CPU
		{3192B021-9089-47C3-BC09-B7EDF5C80434}.Release|Any CPU.Build.0 = Release|Any CPU
		{4EFC0FE9-BAA8-4F32-A9CA-EFBADEBCA67A}.Debug|Any CPU.ActiveCfg = Debug|Any CPU
		{4EFC0FE9-BAA8-4F32-A9CA-EFBADEBCA67A}.Debug|Any CPU.Build.0 = Debug|Any CPU
		{4EFC0FE9-BAA8-4F32-A9CA-EFBADEBCA67A}.Release|Any CPU.ActiveCfg = Release|Any CPU
		{4EFC0FE9-BAA8-4F32-A9CA-EFBADEBCA67A}.Release|Any CPU.Build.0 = Release|Any CPU
		{5D8BE09E-9EAF-4D27-A07A-79A9DB1596D0}.Debug|Any CPU.ActiveCfg = Debug|Any CPU
		{5D8BE09E-9EAF-4D27-A07A-79A9DB1596D0}.Debug|Any CPU.Build.0 = Debug|Any CPU
		{5D8BE09E-9EAF-4D27-A07A-79A9DB1596D0}.Release|Any CPU.ActiveCfg = Release|Any CPU
		{5D8BE09E-9EAF-4D27-A07A-79A9DB1596D0}.Release|Any CPU.Build.0 = Release|Any CPU
		{BFF7CA48-2475-4490-9D54-7433D38E8C28}.Debug|Any CPU.ActiveCfg = Debug|Any CPU
		{BFF7CA48-2475-4490-9D54-7433D38E8C28}.Debug|Any CPU.Build.0 = Debug|Any CPU
		{BFF7CA48-2475-4490-9D54-7433D38E8C28}.Release|Any CPU.ActiveCfg = Release|Any CPU
		{BFF7CA48-2475-4490-9D54-7433D38E8C28}.Release|Any CPU.Build.0 = Release|Any CPU
		{E8F81013-702A-461E-9516-71E9AB7BF8C0}.Debug|Any CPU.ActiveCfg = Debug|Any CPU
		{E8F81013-702A-461E-9516-71E9AB7BF8C0}.Debug|Any CPU.Build.0 = Debug|Any CPU
		{E8F81013-702A-461E-9516-71E9AB7BF8C0}.Release|Any CPU.ActiveCfg = Release|Any CPU
		{E8F81013-702A-461E-9516-71E9AB7BF8C0}.Release|Any CPU.Build.0 = Release|Any CPU
		{499C3395-EAD6-4D11-B7E8-F9DD3408C05E}.Debug|Any CPU.ActiveCfg = Debug|Any CPU
		{499C3395-EAD6-4D11-B7E8-F9DD3408C05E}.Debug|Any CPU.Build.0 = Debug|Any CPU
		{499C3395-EAD6-4D11-B7E8-F9DD3408C05E}.Release|Any CPU.ActiveCfg = Release|Any CPU
		{499C3395-EAD6-4D11-B7E8-F9DD3408C05E}.Release|Any CPU.Build.0 = Release|Any CPU
	EndGlobalSection
	GlobalSection(SolutionProperties) = preSolution
		HideSolutionNode = FALSE
	EndGlobalSection
	GlobalSection(NestedProjects) = preSolution
		{38E42E31-2FD0-45DA-8BA9-D332617CF0BE} = {4059E6B7-4800-4A3E-B504-3B3848DAEF84}
		{2240CB4E-6572-4E2C-B6DD-8D3AD41762BD} = {0D527B50-AAAA-4FF1-B2F4-39545E8CB2D1}
		{E4366D30-C710-4A5B-8AE2-F005CA2CBB4B} = {4059E6B7-4800-4A3E-B504-3B3848DAEF84}
		{980207C8-6BD0-43E8-9414-F9681E0DB1C2} = {4059E6B7-4800-4A3E-B504-3B3848DAEF84}
		{523735C1-87A4-4EDC-8467-2C13A6B635D1} = {4059E6B7-4800-4A3E-B504-3B3848DAEF84}
		{3192B021-9089-47C3-BC09-B7EDF5C80434} = {4059E6B7-4800-4A3E-B504-3B3848DAEF84}
		{4EFC0FE9-BAA8-4F32-A9CA-EFBADEBCA67A} = {4059E6B7-4800-4A3E-B504-3B3848DAEF84}
		{CACF3790-256A-4C4B-9DC1-B8D279C3FFBE} = {262E3BD3-ED58-4304-8A3F-0DF2A00FA600}
		{5D8BE09E-9EAF-4D27-A07A-79A9DB1596D0} = {CACF3790-256A-4C4B-9DC1-B8D279C3FFBE}
		{23A7228E-3FBB-408E-8AB7-91E370F04D06} = {262E3BD3-ED58-4304-8A3F-0DF2A00FA600}
		{BFF7CA48-2475-4490-9D54-7433D38E8C28} = {23A7228E-3FBB-408E-8AB7-91E370F04D06}
		{E8F81013-702A-461E-9516-71E9AB7BF8C0} = {0D527B50-AAAA-4FF1-B2F4-39545E8CB2D1}
		{499C3395-EAD6-4D11-B7E8-F9DD3408C05E} = {0D527B50-AAAA-4FF1-B2F4-39545E8CB2D1}
	EndGlobalSection
	GlobalSection(ExtensibilityGlobals) = postSolution
		SolutionGuid = {70BFC850-4BFC-4D7C-80F7-028C823FCBFE}
	EndGlobalSection
EndGlobal
